// !$*UTF8*$!
{
	archiveVersion = 1;
	classes = {
	};
	objectVersion = 46;
	objects = {

/* Begin PBXBuildFile section */
		6913882F1D00F98B001F5C3F /* AddPostVC.swift in Sources */ = {isa = PBXBuildFile; fileRef = 6913882E1D00F98B001F5C3F /* AddPostVC.swift */; };
		691388321D022FC6001F5C3F /* DataService.swift in Sources */ = {isa = PBXBuildFile; fileRef = 691388311D022FC6001F5C3F /* DataService.swift */; };
		6918F42A1CF67CAB00808D8C /* AppDelegate.swift in Sources */ = {isa = PBXBuildFile; fileRef = 6918F4291CF67CAB00808D8C /* AppDelegate.swift */; };
		6918F42C1CF67CAB00808D8C /* ViewController.swift in Sources */ = {isa = PBXBuildFile; fileRef = 6918F42B1CF67CAB00808D8C /* ViewController.swift */; };
		6918F42F1CF67CAB00808D8C /* Main.storyboard in Resources */ = {isa = PBXBuildFile; fileRef = 6918F42D1CF67CAB00808D8C /* Main.storyboard */; };
		6918F4311CF67CAB00808D8C /* Assets.xcassets in Resources */ = {isa = PBXBuildFile; fileRef = 6918F4301CF67CAB00808D8C /* Assets.xcassets */; };
		6918F4341CF67CAB00808D8C /* LaunchScreen.storyboard in Resources */ = {isa = PBXBuildFile; fileRef = 6918F4321CF67CAB00808D8C /* LaunchScreen.storyboard */; };
		6918F43D1CF67DB800808D8C /* Post.swift in Sources */ = {isa = PBXBuildFile; fileRef = 6918F43C1CF67DB800808D8C /* Post.swift */; };
		6918F4401CFCB27200808D8C /* PostCell.swift in Sources */ = {isa = PBXBuildFile; fileRef = 6918F43F1CFCB27200808D8C /* PostCell.swift */; };
/* End PBXBuildFile section */

/* Begin PBXFileReference section */
		6913882E1D00F98B001F5C3F /* AddPostVC.swift */ = {isa = PBXFileReference; fileEncoding = 4; lastKnownFileType = sourcecode.swift; path = AddPostVC.swift; sourceTree = "<group>"; };
		691388311D022FC6001F5C3F /* DataService.swift */ = {isa = PBXFileReference; fileEncoding = 4; lastKnownFileType = sourcecode.swift; path = DataService.swift; sourceTree = "<group>"; };
		6918F4261CF67CAB00808D8C /* my-hood-devslopes.app */ = {isa = PBXFileReference; explicitFileType = wrapper.application; includeInIndex = 0; path = "my-hood-devslopes.app"; sourceTree = BUILT_PRODUCTS_DIR; };
		6918F4291CF67CAB00808D8C /* AppDelegate.swift */ = {isa = PBXFileReference; lastKnownFileType = sourcecode.swift; path = AppDelegate.swift; sourceTree = "<group>"; };
		6918F42B1CF67CAB00808D8C /* ViewController.swift */ = {isa = PBXFileReference; lastKnownFileType = sourcecode.swift; path = ViewController.swift; sourceTree = "<group>"; };
		6918F42E1CF67CAB00808D8C /* Base */ = {isa = PBXFileReference; lastKnownFileType = file.storyboard; name = Base; path = Base.lproj/Main.storyboard; sourceTree = "<group>"; };
		6918F4301CF67CAB00808D8C /* Assets.xcassets */ = {isa = PBXFileReference; lastKnownFileType = folder.assetcatalog; path = Assets.xcassets; sourceTree = "<group>"; };
		6918F4331CF67CAB00808D8C /* Base */ = {isa = PBXFileReference; lastKnownFileType = file.storyboard; name = Base; path = Base.lproj/LaunchScreen.storyboard; sourceTree = "<group>"; };
		6918F4351CF67CAB00808D8C /* Info.plist */ = {isa = PBXFileReference; lastKnownFileType = text.plist.xml; path = Info.plist; sourceTree = "<group>"; };
		6918F43C1CF67DB800808D8C /* Post.swift */ = {isa = PBXFileReference; fileEncoding = 4; lastKnownFileType = sourcecode.swift; path = Post.swift; sourceTree = "<group>"; };
		6918F43F1CFCB27200808D8C /* PostCell.swift */ = {isa = PBXFileReference; fileEncoding = 4; lastKnownFileType = sourcecode.swift; path = PostCell.swift; sourceTree = "<group>"; };
/* End PBXFileReference section */

/* Begin PBXFrameworksBuildPhase section */
		6918F4231CF67CAB00808D8C /* Frameworks */ = {
			isa = PBXFrameworksBuildPhase;
			buildActionMask = 2147483647;
			files = (
			);
			runOnlyForDeploymentPostprocessing = 0;
		};
/* End PBXFrameworksBuildPhase section */

/* Begin PBXGroup section */
		691388301D022FA2001F5C3F /* Services */ = {
			isa = PBXGroup;
			children = (
				691388311D022FC6001F5C3F /* DataService.swift */,
			);
			name = Services;
			sourceTree = "<group>";
		};
		6918F41D1CF67CAB00808D8C = {
			isa = PBXGroup;
			children = (
				6918F4281CF67CAB00808D8C /* my-hood-devslopes */,
				6918F4271CF67CAB00808D8C /* Products */,
			);
			sourceTree = "<group>";
		};
		6918F4271CF67CAB00808D8C /* Products */ = {
			isa = PBXGroup;
			children = (
				6918F4261CF67CAB00808D8C /* my-hood-devslopes.app */,
			);
			name = Products;
			sourceTree = "<group>";
		};
		6918F4281CF67CAB00808D8C /* my-hood-devslopes */ = {
			isa = PBXGroup;
			children = (
				691388301D022FA2001F5C3F /* Services */,
				6918F43B1CF67D8A00808D8C /* Model */,
				6918F43E1CFCB0FC00808D8C /* View */,
				69D2C6B51CFF9A8C002592AA /* Controller */,
				6918F4301CF67CAB00808D8C /* Assets.xcassets */,
				6918F4291CF67CAB00808D8C /* AppDelegate.swift */,
				6918F4351CF67CAB00808D8C /* Info.plist */,
			);
			path = "my-hood-devslopes";
			sourceTree = "<group>";
		};
		6918F43B1CF67D8A00808D8C /* Model */ = {
			isa = PBXGroup;
			children = (
				6918F43C1CF67DB800808D8C /* Post.swift */,
			);
			name = Model;
			sourceTree = "<group>";
		};
		6918F43E1CFCB0FC00808D8C /* View */ = {
			isa = PBXGroup;
			children = (
				6918F43F1CFCB27200808D8C /* PostCell.swift */,
				6918F4321CF67CAB00808D8C /* LaunchScreen.storyboard */,
				6918F42D1CF67CAB00808D8C /* Main.storyboard */,
			);
			name = View;
			sourceTree = "<group>";
		};
		69D2C6B51CFF9A8C002592AA /* Controller */ = {
			isa = PBXGroup;
			children = (
				6918F42B1CF67CAB00808D8C /* ViewController.swift */,
				6913882E1D00F98B001F5C3F /* AddPostVC.swift */,
			);
			name = Controller;
			sourceTree = "<group>";
		};
/* End PBXGroup section */

/* Begin PBXNativeTarget section */
		6918F4251CF67CAB00808D8C /* my-hood-devslopes */ = {
			isa = PBXNativeTarget;
			buildConfigurationList = 6918F4381CF67CAB00808D8C /* Build configuration list for PBXNativeTarget "my-hood-devslopes" */;
			buildPhases = (
				6918F4221CF67CAB00808D8C /* Sources */,
				6918F4231CF67CAB00808D8C /* Frameworks */,
				6918F4241CF67CAB00808D8C /* Resources */,
			);
			buildRules = (
			);
			dependencies = (
			);
			name = "my-hood-devslopes";
			productName = "my-hood-devslopes";
			productReference = 6918F4261CF67CAB00808D8C /* my-hood-devslopes.app */;
			productType = "com.apple.product-type.application";
		};
/* End PBXNativeTarget section */

/* Begin PBXProject section */
		6918F41E1CF67CAB00808D8C /* Project object */ = {
			isa = PBXProject;
			attributes = {
				LastSwiftUpdateCheck = 0720;
				LastUpgradeCheck = 0720;
				ORGANIZATIONNAME = namdashann;
				TargetAttributes = {
					6918F4251CF67CAB00808D8C = {
						CreatedOnToolsVersion = 7.2;
						DevelopmentTeam = 2H8KA68SCD;
					};
				};
			};
			buildConfigurationList = 6918F4211CF67CAB00808D8C /* Build configuration list for PBXProject "my-hood-devslopes" */;
			compatibilityVersion = "Xcode 3.2";
			developmentRegion = English;
			hasScannedForEncodings = 0;
			knownRegions = (
				en,
				Base,
			);
			mainGroup = 6918F41D1CF67CAB00808D8C;
			productRefGroup = 6918F4271CF67CAB00808D8C /* Products */;
			projectDirPath = "";
			projectRoot = "";
			targets = (
				6918F4251CF67CAB00808D8C /* my-hood-devslopes */,
			);
		};
/* End PBXProject section */

/* Begin PBXResourcesBuildPhase section */
		6918F4241CF67CAB00808D8C /* Resources */ = {
			isa = PBXResourcesBuildPhase;
			buildActionMask = 2147483647;
			files = (
				6918F4341CF67CAB00808D8C /* LaunchScreen.storyboard in Resources */,
				6918F4311CF67CAB00808D8C /* Assets.xcassets in Resources */,
				6918F42F1CF67CAB00808D8C /* Main.storyboard in Resources */,
			);
			runOnlyForDeploymentPostprocessing = 0;
		};
/* End PBXResourcesBuildPhase section */

/* Begin PBXSourcesBuildPhase section */
		6918F4221CF67CAB00808D8C /* Sources */ = {
			isa = PBXSourcesBuildPhase;
			buildActionMask = 2147483647;
			files = (
				6918F43D1CF67DB800808D8C /* Post.swift in Sources */,
				6918F42C1CF67CAB00808D8C /* ViewController.swift in Sources */,
				6913882F1D00F98B001F5C3F /* AddPostVC.swift in Sources */,
				691388321D022FC6001F5C3F /* DataService.swift in Sources */,
				6918F42A1CF67CAB00808D8C /* AppDelegate.swift in Sources */,
				6918F4401CFCB27200808D8C /* PostCell.swift in Sources */,
			);
			runOnlyForDeploymentPostprocessing = 0;
		};
/* End PBXSourcesBuildPhase section */

/* Begin PBXVariantGroup section */
		6918F42D1CF67CAB00808D8C /* Main.storyboard */ = {
			isa = PBXVariantGroup;
			children = (
				6918F42E1CF67CAB00808D8C /* Base */,
			);
			name = Main.storyboard;
			sourceTree = "<group>";
		};
		6918F4321CF67CAB00808D8C /* LaunchScreen.storyboard */ = {
			isa = PBXVariantGroup;
			children = (
				6918F4331CF67CAB00808D8C /* Base */,
			);
			name = LaunchScreen.storyboard;
			sourceTree = "<group>";
		};
/* End PBXVariantGroup section */

/* Begin XCBuildConfiguration section */
		6918F4361CF67CAB00808D8C /* Debug */ = {
			isa = XCBuildConfiguration;
			buildSettings = {
				ALWAYS_SEARCH_USER_PATHS = NO;
				CLANG_CXX_LANGUAGE_STANDARD = "gnu++0x";
				CLANG_CXX_LIBRARY = "libc++";
				CLANG_ENABLE_MODULES = YES;
				CLANG_ENABLE_OBJC_ARC = YES;
				CLANG_WARN_BOOL_CONVERSION = YES;
				CLANG_WARN_CONSTANT_CONVERSION = YES;
				CLANG_WARN_DIRECT_OBJC_ISA_USAGE = YES_ERROR;
				CLANG_WARN_EMPTY_BODY = YES;
				CLANG_WARN_ENUM_CONVERSION = YES;
				CLANG_WARN_INT_CONVERSION = YES;
				CLANG_WARN_OBJC_ROOT_CLASS = YES_ERROR;
				CLANG_WARN_UNREACHABLE_CODE = YES;
				CLANG_WARN__DUPLICATE_METHOD_MATCH = YES;
				"CODE_SIGN_IDENTITY[sdk=iphoneos*]" = "iPhone Developer";
				COPY_PHASE_STRIP = NO;
				DEBUG_INFORMATION_FORMAT = dwarf;
				ENABLE_STRICT_OBJC_MSGSEND = YES;
				ENABLE_TESTABILITY = YES;
				GCC_C_LANGUAGE_STANDARD = gnu99;
				GCC_DYNAMIC_NO_PIC = NO;
				GCC_NO_COMMON_BLOCKS = YES;
				GCC_OPTIMIZATION_LEVEL = 0;
				GCC_PREPROCESSOR_DEFINITIONS = (
					"DEBUG=1",
					"$(inherited)",
				);
				GCC_WARN_64_TO_32_BIT_CONVERSION = YES;
				GCC_WARN_ABOUT_RETURN_TYPE = YES_ERROR;
				GCC_WARN_UNDECLARED_SELECTOR = YES;
				GCC_WARN_UNINITIALIZED_AUTOS = YES_AGGRESSIVE;
				GCC_WARN_UNUSED_FUNCTION = YES;
				GCC_WARN_UNUSED_VARIABLE = YES;
				IPHONEOS_DEPLOYMENT_TARGET = 9.2;
				MTL_ENABLE_DEBUG_INFO = YES;
				ONLY_ACTIVE_ARCH = YES;
				SDKROOT = iphoneos;
				SWIFT_OPTIMIZATION_LEVEL = "-Onone";
				TARGETED_DEVICE_FAMILY = "1,2";
			};
			name = Debug;
		};
		6918F4371CF67CAB00808D8C /* Release */ = {
			isa = XCBuildConfiguration;
			buildSettings = {
				ALWAYS_SEARCH_USER_PATHS = NO;
				CLANG_CXX_LANGUAGE_STANDARD = "gnu++0x";
				CLANG_CXX_LIBRARY = "libc++";
				CLANG_ENABLE_MODULES = YES;
				CLANG_ENABLE_OBJC_ARC = YES;
				CLANG_WARN_BOOL_CONVERSION = YES;
				CLANG_WARN_CONSTANT_CONVERSION = YES;
				CLANG_WARN_DIRECT_OBJC_ISA_USAGE = YES_ERROR;
				CLANG_WARN_EMPTY_BODY = YES;
				CLANG_WARN_ENUM_CONVERSION = YES;
				CLANG_WARN_INT_CONVERSION = YES;
				CLANG_WARN_OBJC_ROOT_CLASS = YES_ERROR;
				CLANG_WARN_UNREACHABLE_CODE = YES;
				CLANG_WARN__DUPLICATE_METHOD_MATCH = YES;
				"CODE_SIGN_IDENTITY[sdk=iphoneos*]" = "iPhone Developer";
				COPY_PHASE_STRIP = NO;
				DEBUG_INFORMATION_FORMAT = "dwarf-with-dsym";
				ENABLE_NS_ASSERTIONS = NO;
				ENABLE_STRICT_OBJC_MSGSEND = YES;
				GCC_C_LANGUAGE_STANDARD = gnu99;
				GCC_NO_COMMON_BLOCKS = YES;
				GCC_WARN_64_TO_32_BIT_CONVERSION = YES;
				GCC_WARN_ABOUT_RETURN_TYPE = YES_ERROR;
				GCC_WARN_UNDECLARED_SELECTOR = YES;
				GCC_WARN_UNINITIALIZED_AUTOS = YES_AGGRESSIVE;
				GCC_WARN_UNUSED_FUNCTION = YES;
				GCC_WARN_UNUSED_VARIABLE = YES;
				IPHONEOS_DEPLOYMENT_TARGET = 9.2;
				MTL_ENABLE_DEBUG_INFO = NO;
				SDKROOT = iphoneos;
				TARGETED_DEVICE_FAMILY = "1,2";
				VALIDATE_PRODUCT = YES;
			};
			name = Release;
		};
		6918F4391CF67CAB00808D8C /* Debug */ = {
			isa = XCBuildConfiguration;
			buildSettings = {
				ASSETCATALOG_COMPILER_APPICON_NAME = AppIcon;
				INFOPLIST_FILE = "my-hood-devslopes/Info.plist";
				LD_RUNPATH_SEARCH_PATHS = "$(inherited) @executable_path/Frameworks";
				PRODUCT_BUNDLE_IDENTIFIER = "com.tentwelve.my-hood-devslopes";
				PRODUCT_NAME = "$(TARGET_NAME)";
			};
			name = Debug;
		};
		6918F43A1CF67CAB00808D8C /* Release */ = {
			isa = XCBuildConfiguration;
			buildSettings = {
				ASSETCATALOG_COMPILER_APPICON_NAME = AppIcon;
				INFOPLIST_FILE = "my-hood-devslopes/Info.plist";
				LD_RUNPATH_SEARCH_PATHS = "$(inherited) @executable_path/Frameworks";
				PRODUCT_BUNDLE_IDENTIFIER = "com.tentwelve.my-hood-devslopes";
				PRODUCT_NAME = "$(TARGET_NAME)";
			};
			name = Release;
		};
/* End XCBuildConfiguration section */

/* Begin XCConfigurationList section */
		6918F4211CF67CAB00808D8C /* Build configuration list for PBXProject "my-hood-devslopes" */ = {
			isa = XCConfigurationList;
			buildConfigurations = (
				6918F4361CF67CAB00808D8C /* Debug */,
				6918F4371CF67CAB00808D8C /* Release */,
			);
			defaultConfigurationIsVisible = 0;
			defaultConfigurationName = Release;
		};
		6918F4381CF67CAB00808D8C /* Build configuration list for PBXNativeTarget "my-hood-devslopes" */ = {
			isa = XCConfigurationList;
			buildConfigurations = (
				6918F4391CF67CAB00808D8C /* Debug */,
				6918F43A1CF67CAB00808D8C /* Release */,
			);
			defaultConfigurationIsVisible = 0;
			defaultConfigurationName = Release;
		};
/* End XCConfigurationList section */
	};
	rootObject = 6918F41E1CF67CAB00808D8C /* Project object */;
}
